{
  "originHash" : "7317746ff1aa8a50f600791d4a3dec6847e186d864b0376a4c5354570131e7a4",
  "pins" : [
    {
      "identity" : "bigint",
      "kind" : "remoteSourceControl",
      "location" : "https://github.com/attaswift/BigInt.git",
      "state" : {
        "revision" : "e07e00fa1fd435143a2dcf8b7eec9a7710b2fdfe",
        "version" : "5.7.0"
      }
    },
    {
      "identity" : "float16",
      "kind" : "remoteSourceControl",
      "location" : "https://github.com/SusanDoggie/Float16.git",
      "state" : {
        "revision" : "936ae66adccf1c91bcaeeb9c0cddde78a13695c3",
        "version" : "1.1.1"
      }
    },
    {
      "identity" : "swift-collections",
      "kind" : "remoteSourceControl",
      "location" : "https://github.com/apple/swift-collections.git",
      "state" : {
        "revision" : "fea17c02d767f46b23070fdfdacc28a03a39232a",
        "version" : "1.5.1"
      }
    },
    {
      "identity" : "swift-numerics",
      "kind" : "remoteSourceControl",
      "location" : "https://github.com/apple/swift-numerics",
      "state" : {
        "revision" : "0c0290ff6b24942dadb83a929ffaaa1481df04a2",
        "version" : "1.1.1"
      }
    }
  ],
  "version" : 3
}
